// !$*UTF8*$!
{
	archiveVersion = 1;
	classes = {
	};
	objectVersion = 55;
	objects = {

/* Begin PBXBuildFile section */
		833E46CA277547FC00DB3CC7 /* SpriteSheet.atlas in Resources */ = {isa = PBXBuildFile; fileRef = 833E46C9277547FC00DB3CC7 /* SpriteSheet.atlas */; };
		833E46CB277547FC00DB3CC7 /* SpriteSheet.atlas in Resources */ = {isa = PBXBuildFile; fileRef = 833E46C9277547FC00DB3CC7 /* SpriteSheet.atlas */; };
		833E46CC277547FC00DB3CC7 /* SpriteSheet.atlas in Resources */ = {isa = PBXBuildFile; fileRef = 833E46C9277547FC00DB3CC7 /* SpriteSheet.atlas */; };
		833E46D227755CE500DB3CC7 /* Pill.swift in Sources */ = {isa = PBXBuildFile; fileRef = 833E46D127755CE500DB3CC7 /* Pill.swift */; };
		833E46D327755CE500DB3CC7 /* Pill.swift in Sources */ = {isa = PBXBuildFile; fileRef = 833E46D127755CE500DB3CC7 /* Pill.swift */; };
		833E46D427755CE500DB3CC7 /* Pill.swift in Sources */ = {isa = PBXBuildFile; fileRef = 833E46D127755CE500DB3CC7 /* Pill.swift */; };
		833E46DB2777DE6800DB3CC7 /* Atomics in Frameworks */ = {isa = PBXBuildFile; productRef = 833E46DA2777DE6800DB3CC7 /* Atomics */; };
		833E46DE2777DF0A00DB3CC7 /* Atomics in Frameworks */ = {isa = PBXBuildFile; productRef = 833E46DD2777DF0A00DB3CC7 /* Atomics */; };
		833E46E02777DF0F00DB3CC7 /* Atomics in Frameworks */ = {isa = PBXBuildFile; productRef = 833E46DF2777DF0F00DB3CC7 /* Atomics */; };
		833E46E3277837DB00DB3CC7 /* VisitTable.swift in Sources */ = {isa = PBXBuildFile; fileRef = 833E46E2277837DB00DB3CC7 /* VisitTable.swift */; };
		833E46E4277837DB00DB3CC7 /* VisitTable.swift in Sources */ = {isa = PBXBuildFile; fileRef = 833E46E2277837DB00DB3CC7 /* VisitTable.swift */; };
		833E46E5277837DB00DB3CC7 /* VisitTable.swift in Sources */ = {isa = PBXBuildFile; fileRef = 833E46E2277837DB00DB3CC7 /* VisitTable.swift */; };
		833E46E72778382900DB3CC7 /* Gameboard.swift in Sources */ = {isa = PBXBuildFile; fileRef = 833E46E62778382900DB3CC7 /* Gameboard.swift */; };
		833E46E82778382900DB3CC7 /* Gameboard.swift in Sources */ = {isa = PBXBuildFile; fileRef = 833E46E62778382900DB3CC7 /* Gameboard.swift */; };
		833E46E92778382900DB3CC7 /* Gameboard.swift in Sources */ = {isa = PBXBuildFile; fileRef = 833E46E62778382900DB3CC7 /* Gameboard.swift */; };
		833E46EB277838DE00DB3CC7 /* Misc.swift in Sources */ = {isa = PBXBuildFile; fileRef = 833E46EA277838DE00DB3CC7 /* Misc.swift */; };
		833E46EC277838DE00DB3CC7 /* Misc.swift in Sources */ = {isa = PBXBuildFile; fileRef = 833E46EA277838DE00DB3CC7 /* Misc.swift */; };
		833E46ED277838DE00DB3CC7 /* Misc.swift in Sources */ = {isa = PBXBuildFile; fileRef = 833E46EA277838DE00DB3CC7 /* Misc.swift */; };
		833E46EF277842E600DB3CC7 /* TextureCache.swift in Sources */ = {isa = PBXBuildFile; fileRef = 833E46EE277842E600DB3CC7 /* TextureCache.swift */; };
		833E46F0277842E600DB3CC7 /* TextureCache.swift in Sources */ = {isa = PBXBuildFile; fileRef = 833E46EE277842E600DB3CC7 /* TextureCache.swift */; };
		833E46F1277842E700DB3CC7 /* TextureCache.swift in Sources */ = {isa = PBXBuildFile; fileRef = 833E46EE277842E600DB3CC7 /* TextureCache.swift */; };
		833E46F32779050F00DB3CC7 /* VirusPropagator.swift in Sources */ = {isa = PBXBuildFile; fileRef = 833E46F22779050F00DB3CC7 /* VirusPropagator.swift */; };
		833E46F42779050F00DB3CC7 /* VirusPropagator.swift in Sources */ = {isa = PBXBuildFile; fileRef = 833E46F22779050F00DB3CC7 /* VirusPropagator.swift */; };
		833E46F52779050F00DB3CC7 /* VirusPropagator.swift in Sources */ = {isa = PBXBuildFile; fileRef = 833E46F22779050F00DB3CC7 /* VirusPropagator.swift */; };
		833E46F82779677F00DB3CC7 /* Bottle.swift in Sources */ = {isa = PBXBuildFile; fileRef = 833E46F72779677F00DB3CC7 /* Bottle.swift */; };
		833E46F92779677F00DB3CC7 /* Bottle.swift in Sources */ = {isa = PBXBuildFile; fileRef = 833E46F72779677F00DB3CC7 /* Bottle.swift */; };
		833E46FA2779677F00DB3CC7 /* Bottle.swift in Sources */ = {isa = PBXBuildFile; fileRef = 833E46F72779677F00DB3CC7 /* Bottle.swift */; };
		83666199277532C300AB5900 /* AppDelegate.swift in Sources */ = {isa = PBXBuildFile; fileRef = 83666198277532C300AB5900 /* AppDelegate.swift */; };
		8366619B277532C300AB5900 /* GameViewController.swift in Sources */ = {isa = PBXBuildFile; fileRef = 8366619A277532C300AB5900 /* GameViewController.swift */; };
		8366619E277532C300AB5900 /* Main.storyboard in Resources */ = {isa = PBXBuildFile; fileRef = 8366619C277532C300AB5900 /* Main.storyboard */; };
		836661A1277532C300AB5900 /* LaunchScreen.storyboard in Resources */ = {isa = PBXBuildFile; fileRef = 8366619F277532C300AB5900 /* LaunchScreen.storyboard */; };
		836661A9277532C300AB5900 /* AppDelegate.swift in Sources */ = {isa = PBXBuildFile; fileRef = 836661A8277532C300AB5900 /* AppDelegate.swift */; };
		836661AB277532C300AB5900 /* GameViewController.swift in Sources */ = {isa = PBXBuildFile; fileRef = 836661AA277532C300AB5900 /* GameViewController.swift */; };
		836661AE277532C300AB5900 /* Main.storyboard in Resources */ = {isa = PBXBuildFile; fileRef = 836661AC277532C300AB5900 /* Main.storyboard */; };
		836661B1277532C300AB5900 /* LaunchScreen.storyboard in Resources */ = {isa = PBXBuildFile; fileRef = 836661AF277532C300AB5900 /* LaunchScreen.storyboard */; };
		836661B9277532C300AB5900 /* AppDelegate.swift in Sources */ = {isa = PBXBuildFile; fileRef = 836661B8277532C300AB5900 /* AppDelegate.swift */; };
		836661BB277532C300AB5900 /* GameViewController.swift in Sources */ = {isa = PBXBuildFile; fileRef = 836661BA277532C300AB5900 /* GameViewController.swift */; };
		836661BE277532C300AB5900 /* Main.storyboard in Resources */ = {isa = PBXBuildFile; fileRef = 836661BC277532C300AB5900 /* Main.storyboard */; };
		836661C0277532C300AB5900 /* Actions.sks in Resources */ = {isa = PBXBuildFile; fileRef = 8366618D277532C200AB5900 /* Actions.sks */; };
		836661C1277532C300AB5900 /* Actions.sks in Resources */ = {isa = PBXBuildFile; fileRef = 8366618D277532C200AB5900 /* Actions.sks */; };
		836661C2277532C300AB5900 /* Actions.sks in Resources */ = {isa = PBXBuildFile; fileRef = 8366618D277532C200AB5900 /* Actions.sks */; };
		836661C3277532C300AB5900 /* GameScene.sks in Resources */ = {isa = PBXBuildFile; fileRef = 8366618E277532C200AB5900 /* GameScene.sks */; };
		836661C4277532C300AB5900 /* GameScene.sks in Resources */ = {isa = PBXBuildFile; fileRef = 8366618E277532C200AB5900 /* GameScene.sks */; };
		836661C5277532C300AB5900 /* GameScene.sks in Resources */ = {isa = PBXBuildFile; fileRef = 8366618E277532C200AB5900 /* GameScene.sks */; };
		836661C6277532C300AB5900 /* GameScene.swift in Sources */ = {isa = PBXBuildFile; fileRef = 8366618F277532C200AB5900 /* GameScene.swift */; };
		836661C7277532C300AB5900 /* GameScene.swift in Sources */ = {isa = PBXBuildFile; fileRef = 8366618F277532C200AB5900 /* GameScene.swift */; };
		836661C8277532C300AB5900 /* GameScene.swift in Sources */ = {isa = PBXBuildFile; fileRef = 8366618F277532C200AB5900 /* GameScene.swift */; };
		836661C9277532C300AB5900 /* Assets.xcassets in Resources */ = {isa = PBXBuildFile; fileRef = 83666190277532C300AB5900 /* Assets.xcassets */; };
		836661CA277532C300AB5900 /* Assets.xcassets in Resources */ = {isa = PBXBuildFile; fileRef = 83666190277532C300AB5900 /* Assets.xcassets */; };
		836661CB277532C300AB5900 /* Assets.xcassets in Resources */ = {isa = PBXBuildFile; fileRef = 83666190277532C300AB5900 /* Assets.xcassets */; };
/* End PBXBuildFile section */

/* Begin PBXFileReference section */
		833E46C9277547FC00DB3CC7 /* SpriteSheet.atlas */ = {isa = PBXFileReference; lastKnownFileType = folder.skatlas; path = SpriteSheet.atlas; sourceTree = "<group>"; };
		833E46D127755CE500DB3CC7 /* Pill.swift */ = {isa = PBXFileReference; lastKnownFileType = sourcecode.swift; path = Pill.swift; sourceTree = "<group>"; };
		833E46E2277837DB00DB3CC7 /* VisitTable.swift */ = {isa = PBXFileReference; lastKnownFileType = sourcecode.swift; path = VisitTable.swift; sourceTree = "<group>"; };
		833E46E62778382900DB3CC7 /* Gameboard.swift */ = {isa = PBXFileReference; lastKnownFileType = sourcecode.swift; path = Gameboard.swift; sourceTree = "<group>"; };
		833E46EA277838DE00DB3CC7 /* Misc.swift */ = {isa = PBXFileReference; lastKnownFileType = sourcecode.swift; path = Misc.swift; sourceTree = "<group>"; };
		833E46EE277842E600DB3CC7 /* TextureCache.swift */ = {isa = PBXFileReference; lastKnownFileType = sourcecode.swift; path = TextureCache.swift; sourceTree = "<group>"; };
		833E46F22779050F00DB3CC7 /* VirusPropagator.swift */ = {isa = PBXFileReference; lastKnownFileType = sourcecode.swift; path = VirusPropagator.swift; sourceTree = "<group>"; };
		833E46F72779677F00DB3CC7 /* Bottle.swift */ = {isa = PBXFileReference; lastKnownFileType = sourcecode.swift; path = Bottle.swift; sourceTree = "<group>"; };
		8366618D277532C200AB5900 /* Actions.sks */ = {isa = PBXFileReference; lastKnownFileType = file.sks; path = Actions.sks; sourceTree = "<group>"; };
		8366618E277532C200AB5900 /* GameScene.sks */ = {isa = PBXFileReference; lastKnownFileType = file.sks; path = GameScene.sks; sourceTree = "<group>"; };
		8366618F277532C200AB5900 /* GameScene.swift */ = {isa = PBXFileReference; lastKnownFileType = sourcecode.swift; path = GameScene.swift; sourceTree = "<group>"; };
		83666190277532C300AB5900 /* Assets.xcassets */ = {isa = PBXFileReference; lastKnownFileType = folder.assetcatalog; path = Assets.xcassets; sourceTree = "<group>"; };
		83666195277532C300AB5900 /* doctorMarioMac.app */ = {isa = PBXFileReference; explicitFileType = wrapper.application; includeInIndex = 0; path = doctorMarioMac.app; sourceTree = BUILT_PRODUCTS_DIR; };
		83666198277532C300AB5900 /* AppDelegate.swift */ = {isa = PBXFileReference; lastKnownFileType = sourcecode.swift; path = AppDelegate.swift; sourceTree = "<group>"; };
		8366619A277532C300AB5900 /* GameViewController.swift */ = {isa = PBXFileReference; lastKnownFileType = sourcecode.swift; path = GameViewController.swift; sourceTree = "<group>"; };
		8366619D277532C300AB5900 /* Base */ = {isa = PBXFileReference; lastKnownFileType = file.storyboard; name = Base; path = Base.lproj/Main.storyboard; sourceTree = "<group>"; };
		836661A0277532C300AB5900 /* Base */ = {isa = PBXFileReference; lastKnownFileType = file.storyboard; name = Base; path = Base.lproj/LaunchScreen.storyboard; sourceTree = "<group>"; };
		836661A6277532C300AB5900 /* doctorMarioMac.app */ = {isa = PBXFileReference; explicitFileType = wrapper.application; includeInIndex = 0; path = doctorMarioMac.app; sourceTree = BUILT_PRODUCTS_DIR; };
		836661A8277532C300AB5900 /* AppDelegate.swift */ = {isa = PBXFileReference; lastKnownFileType = sourcecode.swift; path = AppDelegate.swift; sourceTree = "<group>"; };
		836661AA277532C300AB5900 /* GameViewController.swift */ = {isa = PBXFileReference; lastKnownFileType = sourcecode.swift; path = GameViewController.swift; sourceTree = "<group>"; };
		836661AD277532C300AB5900 /* Base */ = {isa = PBXFileReference; lastKnownFileType = file.storyboard; name = Base; path = Base.lproj/Main.storyboard; sourceTree = "<group>"; };
		836661B0277532C300AB5900 /* Base */ = {isa = PBXFileReference; lastKnownFileType = file.storyboard; name = Base; path = Base.lproj/LaunchScreen.storyboard; sourceTree = "<group>"; };
		836661B6277532C300AB5900 /* doctorMarioMac.app */ = {isa = PBXFileReference; explicitFileType = wrapper.application; includeInIndex = 0; path = doctorMarioMac.app; sourceTree = BUILT_PRODUCTS_DIR; };
		836661B8277532C300AB5900 /* AppDelegate.swift */ = {isa = PBXFileReference; lastKnownFileType = sourcecode.swift; path = AppDelegate.swift; sourceTree = "<group>"; };
		836661BA277532C300AB5900 /* GameViewController.swift */ = {isa = PBXFileReference; lastKnownFileType = sourcecode.swift; path = GameViewController.swift; sourceTree = "<group>"; };
		836661BD277532C300AB5900 /* Base */ = {isa = PBXFileReference; lastKnownFileType = file.storyboard; name = Base; path = Base.lproj/Main.storyboard; sourceTree = "<group>"; };
		836661BF277532C300AB5900 /* doctorMarioMac_macOS.entitlements */ = {isa = PBXFileReference; lastKnownFileType = text.plist.entitlements; path = doctorMarioMac_macOS.entitlements; sourceTree = "<group>"; };
/* End PBXFileReference section */

/* Begin PBXFrameworksBuildPhase section */
		83666192277532C300AB5900 /* Frameworks */ = {
			isa = PBXFrameworksBuildPhase;
			buildActionMask = 2147483647;
			files = (
				833E46DB2777DE6800DB3CC7 /* Atomics in Frameworks */,
			);
			runOnlyForDeploymentPostprocessing = 0;
		};
		836661A3277532C300AB5900 /* Frameworks */ = {
			isa = PBXFrameworksBuildPhase;
			buildActionMask = 2147483647;
			files = (
				833E46DE2777DF0A00DB3CC7 /* Atomics in Frameworks */,
			);
			runOnlyForDeploymentPostprocessing = 0;
		};
		836661B3277532C300AB5900 /* Frameworks */ = {
			isa = PBXFrameworksBuildPhase;
			buildActionMask = 2147483647;
			files = (
				833E46E02777DF0F00DB3CC7 /* Atomics in Frameworks */,
			);
			runOnlyForDeploymentPostprocessing = 0;
		};
/* End PBXFrameworksBuildPhase section */

/* Begin PBXGroup section */
		833E46DC2777DF0A00DB3CC7 /* Frameworks */ = {
			isa = PBXGroup;
			children = (
			);
			name = Frameworks;
			sourceTree = "<group>";
		};
		833E46E12778379B00DB3CC7 /* Gameboard */ = {
			isa = PBXGroup;
			children = (
				833E46E2277837DB00DB3CC7 /* VisitTable.swift */,
				833E46E62778382900DB3CC7 /* Gameboard.swift */,
				833E46F22779050F00DB3CC7 /* VirusPropagator.swift */,
			);
			path = Gameboard;
			sourceTree = "<group>";
		};
		833E46F62779673D00DB3CC7 /* VisualContainers */ = {
			isa = PBXGroup;
			children = (
				833E46F72779677F00DB3CC7 /* Bottle.swift */,
			);
			path = VisualContainers;
			sourceTree = "<group>";
		};
		83666187277532C200AB5900 = {
			isa = PBXGroup;
			children = (
				8366618C277532C200AB5900 /* doctorMarioMac Shared */,
				83666197277532C300AB5900 /* doctorMarioMac iOS */,
				836661A7277532C300AB5900 /* doctorMarioMac tvOS */,
				836661B7277532C300AB5900 /* doctorMarioMac macOS */,
				83666196277532C300AB5900 /* Products */,
				833E46DC2777DF0A00DB3CC7 /* Frameworks */,
			);
			sourceTree = "<group>";
		};
		8366618C277532C200AB5900 /* doctorMarioMac Shared */ = {
			isa = PBXGroup;
			children = (
				833E46F62779673D00DB3CC7 /* VisualContainers */,
				833E46E12778379B00DB3CC7 /* Gameboard */,
				833E46C9277547FC00DB3CC7 /* SpriteSheet.atlas */,
				8366618D277532C200AB5900 /* Actions.sks */,
				8366618E277532C200AB5900 /* GameScene.sks */,
				8366618F277532C200AB5900 /* GameScene.swift */,
				83666190277532C300AB5900 /* Assets.xcassets */,
				833E46D127755CE500DB3CC7 /* Pill.swift */,
				833E46EA277838DE00DB3CC7 /* Misc.swift */,
				833E46EE277842E600DB3CC7 /* TextureCache.swift */,
			);
			path = "doctorMarioMac Shared";
			sourceTree = "<group>";
		};
		83666196277532C300AB5900 /* Products */ = {
			isa = PBXGroup;
			children = (
				83666195277532C300AB5900 /* doctorMarioMac.app */,
				836661A6277532C300AB5900 /* doctorMarioMac.app */,
				836661B6277532C300AB5900 /* doctorMarioMac.app */,
			);
			name = Products;
			sourceTree = "<group>";
		};
		83666197277532C300AB5900 /* doctorMarioMac iOS */ = {
			isa = PBXGroup;
			children = (
				83666198277532C300AB5900 /* AppDelegate.swift */,
				8366619A277532C300AB5900 /* GameViewController.swift */,
				8366619C277532C300AB5900 /* Main.storyboard */,
				8366619F277532C300AB5900 /* LaunchScreen.storyboard */,
			);
			path = "doctorMarioMac iOS";
			sourceTree = "<group>";
		};
		836661A7277532C300AB5900 /* doctorMarioMac tvOS */ = {
			isa = PBXGroup;
			children = (
				836661A8277532C300AB5900 /* AppDelegate.swift */,
				836661AA277532C300AB5900 /* GameViewController.swift */,
				836661AC277532C300AB5900 /* Main.storyboard */,
				836661AF277532C300AB5900 /* LaunchScreen.storyboard */,
			);
			path = "doctorMarioMac tvOS";
			sourceTree = "<group>";
		};
		836661B7277532C300AB5900 /* doctorMarioMac macOS */ = {
			isa = PBXGroup;
			children = (
				836661B8277532C300AB5900 /* AppDelegate.swift */,
				836661BA277532C300AB5900 /* GameViewController.swift */,
				836661BC277532C300AB5900 /* Main.storyboard */,
				836661BF277532C300AB5900 /* doctorMarioMac_macOS.entitlements */,
			);
			path = "doctorMarioMac macOS";
			sourceTree = "<group>";
		};
/* End PBXGroup section */

/* Begin PBXNativeTarget section */
		83666194277532C300AB5900 /* doctorMarioMac iOS */ = {
			isa = PBXNativeTarget;
			buildConfigurationList = 836661CE277532C300AB5900 /* Build configuration list for PBXNativeTarget "doctorMarioMac iOS" */;
			buildPhases = (
				83666191277532C300AB5900 /* Sources */,
				83666192277532C300AB5900 /* Frameworks */,
				83666193277532C300AB5900 /* Resources */,
			);
			buildRules = (
			);
			dependencies = (
			);
			name = "doctorMarioMac iOS";
			packageProductDependencies = (
				833E46DA2777DE6800DB3CC7 /* Atomics */,
			);
			productName = "doctorMarioMac iOS";
			productReference = 83666195277532C300AB5900 /* doctorMarioMac.app */;
			productType = "com.apple.product-type.application";
		};
		836661A5277532C300AB5900 /* doctorMarioMac tvOS */ = {
			isa = PBXNativeTarget;
			buildConfigurationList = 836661D1277532C300AB5900 /* Build configuration list for PBXNativeTarget "doctorMarioMac tvOS" */;
			buildPhases = (
				836661A2277532C300AB5900 /* Sources */,
				836661A3277532C300AB5900 /* Frameworks */,
				836661A4277532C300AB5900 /* Resources */,
			);
			buildRules = (
			);
			dependencies = (
			);
			name = "doctorMarioMac tvOS";
			packageProductDependencies = (
				833E46DD2777DF0A00DB3CC7 /* Atomics */,
			);
			productName = "doctorMarioMac tvOS";
			productReference = 836661A6277532C300AB5900 /* doctorMarioMac.app */;
			productType = "com.apple.product-type.application";
		};
		836661B5277532C300AB5900 /* doctorMarioMac macOS */ = {
			isa = PBXNativeTarget;
			buildConfigurationList = 836661D4277532C300AB5900 /* Build configuration list for PBXNativeTarget "doctorMarioMac macOS" */;
			buildPhases = (
				836661B2277532C300AB5900 /* Sources */,
				836661B3277532C300AB5900 /* Frameworks */,
				836661B4277532C300AB5900 /* Resources */,
			);
			buildRules = (
			);
			dependencies = (
			);
			name = "doctorMarioMac macOS";
			packageProductDependencies = (
				833E46DF2777DF0F00DB3CC7 /* Atomics */,
			);
			productName = "doctorMarioMac macOS";
			productReference = 836661B6277532C300AB5900 /* doctorMarioMac.app */;
			productType = "com.apple.product-type.application";
		};
/* End PBXNativeTarget section */

/* Begin PBXProject section */
		83666188277532C200AB5900 /* Project object */ = {
			isa = PBXProject;
			attributes = {
				BuildIndependentTargetsInParallel = 1;
				LastSwiftUpdateCheck = 1320;
				LastUpgradeCheck = 1320;
				TargetAttributes = {
					83666194277532C300AB5900 = {
						CreatedOnToolsVersion = 13.2.1;
					};
					836661A5277532C300AB5900 = {
						CreatedOnToolsVersion = 13.2.1;
					};
					836661B5277532C300AB5900 = {
						CreatedOnToolsVersion = 13.2.1;
					};
				};
			};
			buildConfigurationList = 8366618B277532C200AB5900 /* Build configuration list for PBXProject "doctorMarioMac" */;
			compatibilityVersion = "Xcode 13.0";
			developmentRegion = en;
			hasScannedForEncodings = 0;
			knownRegions = (
				en,
				Base,
			);
			mainGroup = 83666187277532C200AB5900;
			packageReferences = (
				833E46D92777DE6800DB3CC7 /* XCRemoteSwiftPackageReference "swift-atomics" */,
			);
			productRefGroup = 83666196277532C300AB5900 /* Products */;
			projectDirPath = "";
			projectRoot = "";
			targets = (
				83666194277532C300AB5900 /* doctorMarioMac iOS */,
				836661A5277532C300AB5900 /* doctorMarioMac tvOS */,
				836661B5277532C300AB5900 /* doctorMarioMac macOS */,
			);
		};
/* End PBXProject section */

/* Begin PBXResourcesBuildPhase section */
		83666193277532C300AB5900 /* Resources */ = {
			isa = PBXResourcesBuildPhase;
			buildActionMask = 2147483647;
			files = (
				836661C3277532C300AB5900 /* GameScene.sks in Resources */,
				8366619E277532C300AB5900 /* Main.storyboard in Resources */,
				833E46CA277547FC00DB3CC7 /* SpriteSheet.atlas in Resources */,
				836661C0277532C300AB5900 /* Actions.sks in Resources */,
				836661A1277532C300AB5900 /* LaunchScreen.storyboard in Resources */,
				836661C9277532C300AB5900 /* Assets.xcassets in Resources */,
			);
			runOnlyForDeploymentPostprocessing = 0;
		};
		836661A4277532C300AB5900 /* Resources */ = {
			isa = PBXResourcesBuildPhase;
			buildActionMask = 2147483647;
			files = (
				836661C4277532C300AB5900 /* GameScene.sks in Resources */,
				836661AE277532C300AB5900 /* Main.storyboard in Resources */,
				833E46CB277547FC00DB3CC7 /* SpriteSheet.atlas in Resources */,
				836661C1277532C300AB5900 /* Actions.sks in Resources */,
				836661B1277532C300AB5900 /* LaunchScreen.storyboard in Resources */,
				836661CA277532C300AB5900 /* Assets.xcassets in Resources */,
			);
			runOnlyForDeploymentPostprocessing = 0;
		};
		836661B4277532C300AB5900 /* Resources */ = {
			isa = PBXResourcesBuildPhase;
			buildActionMask = 2147483647;
			files = (
				836661BE277532C300AB5900 /* Main.storyboard in Resources */,
				836661C5277532C300AB5900 /* GameScene.sks in Resources */,
				833E46CC277547FC00DB3CC7 /* SpriteSheet.atlas in Resources */,
				836661CB277532C300AB5900 /* Assets.xcassets in Resources */,
				836661C2277532C300AB5900 /* Actions.sks in Resources */,
			);
			runOnlyForDeploymentPostprocessing = 0;
		};
/* End PBXResourcesBuildPhase section */

/* Begin PBXSourcesBuildPhase section */
		83666191277532C300AB5900 /* Sources */ = {
			isa = PBXSourcesBuildPhase;
			buildActionMask = 2147483647;
			files = (
				833E46E72778382900DB3CC7 /* Gameboard.swift in Sources */,
				833E46EB277838DE00DB3CC7 /* Misc.swift in Sources */,
				836661C6277532C300AB5900 /* GameScene.swift in Sources */,
				833E46F82779677F00DB3CC7 /* Bottle.swift in Sources */,
				8366619B277532C300AB5900 /* GameViewController.swift in Sources */,
				833E46D227755CE500DB3CC7 /* Pill.swift in Sources */,
				833E46F32779050F00DB3CC7 /* VirusPropagator.swift in Sources */,
				833E46E3277837DB00DB3CC7 /* VisitTable.swift in Sources */,
				833E46EF277842E600DB3CC7 /* TextureCache.swift in Sources */,
				83666199277532C300AB5900 /* AppDelegate.swift in Sources */,
			);
			runOnlyForDeploymentPostprocessing = 0;
		};
		836661A2277532C300AB5900 /* Sources */ = {
			isa = PBXSourcesBuildPhase;
			buildActionMask = 2147483647;
			files = (
				833E46E82778382900DB3CC7 /* Gameboard.swift in Sources */,
				833E46EC277838DE00DB3CC7 /* Misc.swift in Sources */,
				836661C7277532C300AB5900 /* GameScene.swift in Sources */,
				833E46F92779677F00DB3CC7 /* Bottle.swift in Sources */,
				836661AB277532C300AB5900 /* GameViewController.swift in Sources */,
				833E46D327755CE500DB3CC7 /* Pill.swift in Sources */,
				833E46F42779050F00DB3CC7 /* VirusPropagator.swift in Sources */,
				833E46E4277837DB00DB3CC7 /* VisitTable.swift in Sources */,
				833E46F0277842E600DB3CC7 /* TextureCache.swift in Sources */,
				836661A9277532C300AB5900 /* AppDelegate.swift in Sources */,
			);
			runOnlyForDeploymentPostprocessing = 0;
		};
		836661B2277532C300AB5900 /* Sources */ = {
			isa = PBXSourcesBuildPhase;
			buildActionMask = 2147483647;
			files = (
				833E46E92778382900DB3CC7 /* Gameboard.swift in Sources */,
				833E46ED277838DE00DB3CC7 /* Misc.swift in Sources */,
				836661C8277532C300AB5900 /* GameScene.swift in Sources */,
				833E46FA2779677F00DB3CC7 /* Bottle.swift in Sources */,
				836661BB277532C300AB5900 /* GameViewController.swift in Sources */,
				833E46D427755CE500DB3CC7 /* Pill.swift in Sources */,
				833E46F52779050F00DB3CC7 /* VirusPropagator.swift in Sources */,
				833E46E5277837DB00DB3CC7 /* VisitTable.swift in Sources */,
				833E46F1277842E700DB3CC7 /* TextureCache.swift in Sources */,
				836661B9277532C300AB5900 /* AppDelegate.swift in Sources */,
			);
			runOnlyForDeploymentPostprocessing = 0;
		};
/* End PBXSourcesBuildPhase section */

/* Begin PBXVariantGroup section */
		8366619C277532C300AB5900 /* Main.storyboard */ = {
			isa = PBXVariantGroup;
			children = (
				8366619D277532C300AB5900 /* Base */,
			);
			name = Main.storyboard;
			sourceTree = "<group>";
		};
		8366619F277532C300AB5900 /* LaunchScreen.storyboard */ = {
			isa = PBXVariantGroup;
			children = (
				836661A0277532C300AB5900 /* Base */,
			);
			name = LaunchScreen.storyboard;
			sourceTree = "<group>";
		};
		836661AC277532C300AB5900 /* Main.storyboard */ = {
			isa = PBXVariantGroup;
			children = (
				836661AD277532C300AB5900 /* Base */,
			);
			name = Main.storyboard;
			sourceTree = "<group>";
		};
		836661AF277532C300AB5900 /* LaunchScreen.storyboard */ = {
			isa = PBXVariantGroup;
			children = (
				836661B0277532C300AB5900 /* Base */,
			);
			name = LaunchScreen.storyboard;
			sourceTree = "<group>";
		};
		836661BC277532C300AB5900 /* Main.storyboard */ = {
			isa = PBXVariantGroup;
			children = (
				836661BD277532C300AB5900 /* Base */,
			);
			name = Main.storyboard;
			sourceTree = "<group>";
		};
/* End PBXVariantGroup section */

/* Begin XCBuildConfiguration section */
		836661CC277532C300AB5900 /* Debug */ = {
			isa = XCBuildConfiguration;
			buildSettings = {
				ALWAYS_SEARCH_USER_PATHS = NO;
				CLANG_ANALYZER_NONNULL = YES;
				CLANG_ANALYZER_NUMBER_OBJECT_CONVERSION = YES_AGGRESSIVE;
				CLANG_CXX_LANGUAGE_STANDARD = "gnu++17";
				CLANG_CXX_LIBRARY = "libc++";
				CLANG_ENABLE_MODULES = YES;
				CLANG_ENABLE_OBJC_ARC = YES;
				CLANG_ENABLE_OBJC_WEAK = YES;
				CLANG_WARN_BLOCK_CAPTURE_AUTORELEASING = YES;
				CLANG_WARN_BOOL_CONVERSION = YES;
				CLANG_WARN_COMMA = YES;
				CLANG_WARN_CONSTANT_CONVERSION = YES;
				CLANG_WARN_DEPRECATED_OBJC_IMPLEMENTATIONS = YES;
				CLANG_WARN_DIRECT_OBJC_ISA_USAGE = YES_ERROR;
				CLANG_WARN_DOCUMENTATION_COMMENTS = YES;
				CLANG_WARN_EMPTY_BODY = YES;
				CLANG_WARN_ENUM_CONVERSION = YES;
				CLANG_WARN_INFINITE_RECURSION = YES;
				CLANG_WARN_INT_CONVERSION = YES;
				CLANG_WARN_NON_LITERAL_NULL_CONVERSION = YES;
				CLANG_WARN_OBJC_IMPLICIT_RETAIN_SELF = YES;
				CLANG_WARN_OBJC_LITERAL_CONVERSION = YES;
				CLANG_WARN_OBJC_ROOT_CLASS = YES_ERROR;
				CLANG_WARN_QUOTED_INCLUDE_IN_FRAMEWORK_HEADER = YES;
				CLANG_WARN_RANGE_LOOP_ANALYSIS = YES;
				CLANG_WARN_STRICT_PROTOTYPES = YES;
				CLANG_WARN_SUSPICIOUS_MOVE = YES;
				CLANG_WARN_UNGUARDED_AVAILABILITY = YES_AGGRESSIVE;
				CLANG_WARN_UNREACHABLE_CODE = YES;
				CLANG_WARN__DUPLICATE_METHOD_MATCH = YES;
				COPY_PHASE_STRIP = NO;
				DEBUG_INFORMATION_FORMAT = dwarf;
				ENABLE_STRICT_OBJC_MSGSEND = YES;
				ENABLE_TESTABILITY = YES;
				GCC_C_LANGUAGE_STANDARD = gnu11;
				GCC_DYNAMIC_NO_PIC = NO;
				GCC_NO_COMMON_BLOCKS = YES;
				GCC_OPTIMIZATION_LEVEL = 0;
				GCC_PREPROCESSOR_DEFINITIONS = (
					"DEBUG=1",
					"$(inherited)",
				);
				GCC_WARN_64_TO_32_BIT_CONVERSION = YES;
				GCC_WARN_ABOUT_RETURN_TYPE = YES_ERROR;
				GCC_WARN_UNDECLARED_SELECTOR = YES;
				GCC_WARN_UNINITIALIZED_AUTOS = YES_AGGRESSIVE;
				GCC_WARN_UNUSED_FUNCTION = YES;
				GCC_WARN_UNUSED_VARIABLE = YES;
				MTL_ENABLE_DEBUG_INFO = INCLUDE_SOURCE;
				MTL_FAST_MATH = YES;
				ONLY_ACTIVE_ARCH = YES;
				SWIFT_ACTIVE_COMPILATION_CONDITIONS = DEBUG;
				SWIFT_OPTIMIZATION_LEVEL = "-Onone";
			};
			name = Debug;
		};
		836661CD277532C300AB5900 /* Release */ = {
			isa = XCBuildConfiguration;
			buildSettings = {
				ALWAYS_SEARCH_USER_PATHS = NO;
				CLANG_ANALYZER_NONNULL = YES;
				CLANG_ANALYZER_NUMBER_OBJECT_CONVERSION = YES_AGGRESSIVE;
				CLANG_CXX_LANGUAGE_STANDARD = "gnu++17";
				CLANG_CXX_LIBRARY = "libc++";
				CLANG_ENABLE_MODULES = YES;
				CLANG_ENABLE_OBJC_ARC = YES;
				CLANG_ENABLE_OBJC_WEAK = YES;
				CLANG_WARN_BLOCK_CAPTURE_AUTORELEASING = YES;
				CLANG_WARN_BOOL_CONVERSION = YES;
				CLANG_WARN_COMMA = YES;
				CLANG_WARN_CONSTANT_CONVERSION = YES;
				CLANG_WARN_DEPRECATED_OBJC_IMPLEMENTATIONS = YES;
				CLANG_WARN_DIRECT_OBJC_ISA_USAGE = YES_ERROR;
				CLANG_WARN_DOCUMENTATION_COMMENTS = YES;
				CLANG_WARN_EMPTY_BODY = YES;
				CLANG_WARN_ENUM_CONVERSION = YES;
				CLANG_WARN_INFINITE_RECURSION = YES;
				CLANG_WARN_INT_CONVERSION = YES;
				CLANG_WARN_NON_LITERAL_NULL_CONVERSION = YES;
				CLANG_WARN_OBJC_IMPLICIT_RETAIN_SELF = YES;
				CLANG_WARN_OBJC_LITERAL_CONVERSION = YES;
				CLANG_WARN_OBJC_ROOT_CLASS = YES_ERROR;
				CLANG_WARN_QUOTED_INCLUDE_IN_FRAMEWORK_HEADER = YES;
				CLANG_WARN_RANGE_LOOP_ANALYSIS = YES;
				CLANG_WARN_STRICT_PROTOTYPES = YES;
				CLANG_WARN_SUSPICIOUS_MOVE = YES;
				CLANG_WARN_UNGUARDED_AVAILABILITY = YES_AGGRESSIVE;
				CLANG_WARN_UNREACHABLE_CODE = YES;
				CLANG_WARN__DUPLICATE_METHOD_MATCH = YES;
				COPY_PHASE_STRIP = NO;
				DEBUG_INFORMATION_FORMAT = "dwarf-with-dsym";
				ENABLE_NS_ASSERTIONS = NO;
				ENABLE_STRICT_OBJC_MSGSEND = YES;
				GCC_C_LANGUAGE_STANDARD = gnu11;
				GCC_NO_COMMON_BLOCKS = YES;
				GCC_WARN_64_TO_32_BIT_CONVERSION = YES;
				GCC_WARN_ABOUT_RETURN_TYPE = YES_ERROR;
				GCC_WARN_UNDECLARED_SELECTOR = YES;
				GCC_WARN_UNINITIALIZED_AUTOS = YES_AGGRESSIVE;
				GCC_WARN_UNUSED_FUNCTION = YES;
				GCC_WARN_UNUSED_VARIABLE = YES;
				MTL_ENABLE_DEBUG_INFO = NO;
				MTL_FAST_MATH = YES;
				SWIFT_COMPILATION_MODE = wholemodule;
				SWIFT_OPTIMIZATION_LEVEL = "-O";
			};
			name = Release;
		};
		836661CF277532C300AB5900 /* Debug */ = {
			isa = XCBuildConfiguration;
			buildSettings = {
				ASSETCATALOG_COMPILER_APPICON_NAME = AppIcon;
				ASSETCATALOG_COMPILER_GLOBAL_ACCENT_COLOR_NAME = AccentColor;
				CODE_SIGN_STYLE = Automatic;
				CURRENT_PROJECT_VERSION = 1;
				DEVELOPMENT_TEAM = FJBQZME6ZC;
				GENERATE_INFOPLIST_FILE = YES;
				INFOPLIST_KEY_UIApplicationSupportsIndirectInputEvents = YES;
				INFOPLIST_KEY_UILaunchStoryboardName = LaunchScreen;
				INFOPLIST_KEY_UIMainStoryboardFile = Main;
				INFOPLIST_KEY_UIStatusBarHidden = YES;
				INFOPLIST_KEY_UISupportedInterfaceOrientations_iPad = "UIInterfaceOrientationPortrait UIInterfaceOrientationPortraitUpsideDown UIInterfaceOrientationLandscapeLeft UIInterfaceOrientationLandscapeRight";
				INFOPLIST_KEY_UISupportedInterfaceOrientations_iPhone = "UIInterfaceOrientationPortrait UIInterfaceOrientationLandscapeLeft UIInterfaceOrientationLandscapeRight";
				IPHONEOS_DEPLOYMENT_TARGET = 15.2;
				LD_RUNPATH_SEARCH_PATHS = (
					"$(inherited)",
					"@executable_path/Frameworks",
				);
				MARKETING_VERSION = 1.0;
				PRODUCT_BUNDLE_IDENTIFIER = com.mlevesque.doctorMarioMac;
				PRODUCT_NAME = doctorMarioMac;
				SDKROOT = iphoneos;
				SWIFT_EMIT_LOC_STRINGS = YES;
				SWIFT_VERSION = 5.0;
				TARGETED_DEVICE_FAMILY = "1,2";
			};
			name = Debug;
		};
		836661D0277532C300AB5900 /* Release */ = {
			isa = XCBuildConfiguration;
			buildSettings = {
				ASSETCATALOG_COMPILER_APPICON_NAME = AppIcon;
				ASSETCATALOG_COMPILER_GLOBAL_ACCENT_COLOR_NAME = AccentColor;
				CODE_SIGN_STYLE = Automatic;
				CURRENT_PROJECT_VERSION = 1;
				DEVELOPMENT_TEAM = FJBQZME6ZC;
				GENERATE_INFOPLIST_FILE = YES;
				INFOPLIST_KEY_UIApplicationSupportsIndirectInputEvents = YES;
				INFOPLIST_KEY_UILaunchStoryboardName = LaunchScreen;
				INFOPLIST_KEY_UIMainStoryboardFile = Main;
				INFOPLIST_KEY_UIStatusBarHidden = YES;
				INFOPLIST_KEY_UISupportedInterfaceOrientations_iPad = "UIInterfaceOrientationPortrait UIInterfaceOrientationPortraitUpsideDown UIInterfaceOrientationLandscapeLeft UIInterfaceOrientationLandscapeRight";
				INFOPLIST_KEY_UISupportedInterfaceOrientations_iPhone = "UIInterfaceOrientationPortrait UIInterfaceOrientationLandscapeLeft UIInterfaceOrientationLandscapeRight";
				IPHONEOS_DEPLOYMENT_TARGET = 15.2;
				LD_RUNPATH_SEARCH_PATHS = (
					"$(inherited)",
					"@executable_path/Frameworks",
				);
				MARKETING_VERSION = 1.0;
				PRODUCT_BUNDLE_IDENTIFIER = com.mlevesque.doctorMarioMac;
				PRODUCT_NAME = doctorMarioMac;
				SDKROOT = iphoneos;
				SWIFT_EMIT_LOC_STRINGS = YES;
				SWIFT_VERSION = 5.0;
				TARGETED_DEVICE_FAMILY = "1,2";
				VALIDATE_PRODUCT = YES;
			};
			name = Release;
		};
		836661D2277532C300AB5900 /* Debug */ = {
			isa = XCBuildConfiguration;
			buildSettings = {
				ASSETCATALOG_COMPILER_APPICON_NAME = "tvOS App Icon & Top Shelf Image";
				ASSETCATALOG_COMPILER_GLOBAL_ACCENT_COLOR_NAME = AccentColor;
				CODE_SIGN_STYLE = Automatic;
				CURRENT_PROJECT_VERSION = 1;
				DEVELOPMENT_TEAM = FJBQZME6ZC;
				GENERATE_INFOPLIST_FILE = YES;
				INFOPLIST_KEY_UILaunchStoryboardName = LaunchScreen;
				INFOPLIST_KEY_UIMainStoryboardFile = Main;
				INFOPLIST_KEY_UIUserInterfaceStyle = Automatic;
				LD_RUNPATH_SEARCH_PATHS = (
					"$(inherited)",
					"@executable_path/Frameworks",
				);
				MARKETING_VERSION = 1.0;
				PRODUCT_BUNDLE_IDENTIFIER = com.mlevesque.doctorMarioMac;
				PRODUCT_NAME = doctorMarioMac;
				SDKROOT = appletvos;
				SWIFT_EMIT_LOC_STRINGS = YES;
				SWIFT_VERSION = 5.0;
				TARGETED_DEVICE_FAMILY = 3;
				TVOS_DEPLOYMENT_TARGET = 15.2;
			};
			name = Debug;
		};
		836661D3277532C300AB5900 /* Release */ = {
			isa = XCBuildConfiguration;
			buildSettings = {
				ASSETCATALOG_COMPILER_APPICON_NAME = "tvOS App Icon & Top Shelf Image";
				ASSETCATALOG_COMPILER_GLOBAL_ACCENT_COLOR_NAME = AccentColor;
				CODE_SIGN_STYLE = Automatic;
				CURRENT_PROJECT_VERSION = 1;
				DEVELOPMENT_TEAM = FJBQZME6ZC;
				GENERATE_INFOPLIST_FILE = YES;
				INFOPLIST_KEY_UILaunchStoryboardName = LaunchScreen;
				INFOPLIST_KEY_UIMainStoryboardFile = Main;
				INFOPLIST_KEY_UIUserInterfaceStyle = Automatic;
				LD_RUNPATH_SEARCH_PATHS = (
					"$(inherited)",
					"@executable_path/Frameworks",
				);
				MARKETING_VERSION = 1.0;
				PRODUCT_BUNDLE_IDENTIFIER = com.mlevesque.doctorMarioMac;
				PRODUCT_NAME = doctorMarioMac;
				SDKROOT = appletvos;
				SWIFT_EMIT_LOC_STRINGS = YES;
				SWIFT_VERSION = 5.0;
				TARGETED_DEVICE_FAMILY = 3;
				TVOS_DEPLOYMENT_TARGET = 15.2;
				VALIDATE_PRODUCT = YES;
			};
			name = Release;
		};
		836661D5277532C300AB5900 /* Debug */ = {
			isa = XCBuildConfiguration;
			buildSettings = {
				ASSETCATALOG_COMPILER_APPICON_NAME = AppIcon;
				ASSETCATALOG_COMPILER_GLOBAL_ACCENT_COLOR_NAME = AccentColor;
				CODE_SIGN_ENTITLEMENTS = "doctorMarioMac macOS/doctorMarioMac_macOS.entitlements";
				CODE_SIGN_STYLE = Automatic;
				COMBINE_HIDPI_IMAGES = YES;
				CURRENT_PROJECT_VERSION = 1;
				DEVELOPMENT_TEAM = FJBQZME6ZC;
				ENABLE_HARDENED_RUNTIME = YES;
				GENERATE_INFOPLIST_FILE = YES;
				INFOPLIST_KEY_NSHumanReadableCopyright = "";
				INFOPLIST_KEY_NSMainStoryboardFile = Main;
				INFOPLIST_KEY_NSPrincipalClass = NSApplication;
				LD_RUNPATH_SEARCH_PATHS = (
					"$(inherited)",
					"@executable_path/../Frameworks",
				);
				MACOSX_DEPLOYMENT_TARGET = 12.1;
				MARKETING_VERSION = 1.0;
				PRODUCT_BUNDLE_IDENTIFIER = com.mlevesque.doctorMarioMac;
				PRODUCT_NAME = doctorMarioMac;
				SDKROOT = macosx;
				SWIFT_EMIT_LOC_STRINGS = YES;
				SWIFT_VERSION = 5.0;
			};
			name = Debug;
		};
		836661D6277532C300AB5900 /* Release */ = {
			isa = XCBuildConfiguration;
			buildSettings = {
				ASSETCATALOG_COMPILER_APPICON_NAME = AppIcon;
				ASSETCATALOG_COMPILER_GLOBAL_ACCENT_COLOR_NAME = AccentColor;
				CODE_SIGN_ENTITLEMENTS = "doctorMarioMac macOS/doctorMarioMac_macOS.entitlements";
				CODE_SIGN_STYLE = Automatic;
				COMBINE_HIDPI_IMAGES = YES;
				CURRENT_PROJECT_VERSION = 1;
				DEVELOPMENT_TEAM = FJBQZME6ZC;
				ENABLE_HARDENED_RUNTIME = YES;
				GENERATE_INFOPLIST_FILE = YES;
				INFOPLIST_KEY_NSHumanReadableCopyright = "";
				INFOPLIST_KEY_NSMainStoryboardFile = Main;
				INFOPLIST_KEY_NSPrincipalClass = NSApplication;
				LD_RUNPATH_SEARCH_PATHS = (
					"$(inherited)",
					"@executable_path/../Frameworks",
				);
				MACOSX_DEPLOYMENT_TARGET = 12.1;
				MARKETING_VERSION = 1.0;
				PRODUCT_BUNDLE_IDENTIFIER = com.mlevesque.doctorMarioMac;
				PRODUCT_NAME = doctorMarioMac;
				SDKROOT = macosx;
				SWIFT_EMIT_LOC_STRINGS = YES;
				SWIFT_VERSION = 5.0;
			};
			name = Release;
		};
/* End XCBuildConfiguration section */

/* Begin XCConfigurationList section */
		8366618B277532C200AB5900 /* Build configuration list for PBXProject "doctorMarioMac" */ = {
			isa = XCConfigurationList;
			buildConfigurations = (
				836661CC277532C300AB5900 /* Debug */,
				836661CD277532C300AB5900 /* Release */,
			);
			defaultConfigurationIsVisible = 0;
			defaultConfigurationName = Release;
		};
		836661CE277532C300AB5900 /* Build configuration list for PBXNativeTarget "doctorMarioMac iOS" */ = {
			isa = XCConfigurationList;
			buildConfigurations = (
				836661CF277532C300AB5900 /* Debug */,
				836661D0277532C300AB5900 /* Release */,
			);
			defaultConfigurationIsVisible = 0;
			defaultConfigurationName = Release;
		};
		836661D1277532C300AB5900 /* Build configuration list for PBXNativeTarget "doctorMarioMac tvOS" */ = {
			isa = XCConfigurationList;
			buildConfigurations = (
				836661D2277532C300AB5900 /* Debug */,
				836661D3277532C300AB5900 /* Release */,
			);
			defaultConfigurationIsVisible = 0;
			defaultConfigurationName = Release;
		};
		836661D4277532C300AB5900 /* Build configuration list for PBXNativeTarget "doctorMarioMac macOS" */ = {
			isa = XCConfigurationList;
			buildConfigurations = (
				836661D5277532C300AB5900 /* Debug */,
				836661D6277532C300AB5900 /* Release */,
			);
			defaultConfigurationIsVisible = 0;
			defaultConfigurationName = Release;
		};
/* End XCConfigurationList section */

/* Begin XCRemoteSwiftPackageReference section */
		833E46D92777DE6800DB3CC7 /* XCRemoteSwiftPackageReference "swift-atomics" */ = {
			isa = XCRemoteSwiftPackageReference;
			repositoryURL = "https://github.com/apple/swift-atomics.git";
			requirement = {
				kind = upToNextMajorVersion;
				minimumVersion = 1.0.0;
			};
		};
/* End XCRemoteSwiftPackageReference section */

/* Begin XCSwiftPackageProductDependency section */
		833E46DA2777DE6800DB3CC7 /* Atomics */ = {
			isa = XCSwiftPackageProductDependency;
			package = 833E46D92777DE6800DB3CC7 /* XCRemoteSwiftPackageReference "swift-atomics" */;
			productName = Atomics;
		};
		833E46DD2777DF0A00DB3CC7 /* Atomics */ = {
			isa = XCSwiftPackageProductDependency;
			package = 833E46D92777DE6800DB3CC7 /* XCRemoteSwiftPackageReference "swift-atomics" */;
			productName = Atomics;
		};
		833E46DF2777DF0F00DB3CC7 /* Atomics */ = {
			isa = XCSwiftPackageProductDependency;
			package = 833E46D92777DE6800DB3CC7 /* XCRemoteSwiftPackageReference "swift-atomics" */;
			productName = Atomics;
		};
/* End XCSwiftPackageProductDependency section */
	};
	rootObject = 83666188277532C200AB5900 /* Project object */;
}
